
Microsoft Visual Studio Solution File, Format Version 12.00
# Visual Studio 15
VisualStudioVersion = 15.0.28307.1062
MinimumVisualStudioVersion = 10.0.40219.1
Project("{8BC9CEB8-8B4A-11D0-8D11-00A0C91BC942}") = "GitSquish", "GitSquish\GitSquish.vcxproj", "{2B0ADEED-38D6-4E92-9C3E-30971D3D2E24}"
EndProject
Project("{2150E333-8FDC-42A3-9474-1A3956D46DE8}") = "Solution Items", "Solution Items", "{83C457FF-E7E8-40AA-A3ED-FB0D5772075C}"
	ProjectSection(SolutionItems) = preProject
		GitSquish\pch.cpp = GitSquish\pch.cpp
		GitSquish\pch.h = GitSquish\pch.h
	EndProjectSection
EndProject
Global
	GlobalSection(SolutionConfigurationPlatforms) = preSolution
		Debug|x64 = Debug|x64
		Debug|x86 = Debug|x86
		Release|x64 = Release|x64
		Release|x86 = Release|x86
	EndGlobalSection
	GlobalSection(ProjectConfigurationPlatforms) = postSolution
		{2B0ADEED-38D6-4E92-9C3E-30971D3D2E24}.Debug|x64.ActiveCfg = Debug|x64
		{2B0ADEED-38D6-4E92-9C3E-30971D3D2E24}.Debug|x64.Build.0 = Debug|x64
		{2B0ADEED-38D6-4E92-9C3E-30971D3D2E24}.Debug|x86.ActiveCfg = Debug|Win32
		{2B0ADEED-38D6-4E92-9C3E-30971D3D2E24}.Debug|x86.Build.0 = Debug|Win32
		{2B0ADEED-38D6-4E92-9C3E-30971D3D2E24}.Release|x64.ActiveCfg = Release|x64
		{2B0ADEED-38D6-4E92-9C3E-30971D3D2E24}.Release|x64.Build.0 = Release|x64
		{2B0ADEED-38D6-4E92-9C3E-30971D3D2E24}.Release|x86.ActiveCfg = Release|Win32
		{2B0ADEED-38D6-4E92-9C3E-30971D3D2E24}.Release|x86.Build.0 = Release|Win32
	EndGlobalSection
	GlobalSection(SolutionProperties) = preSolution
		HideSolutionNode = FALSE
	EndGlobalSection
	GlobalSection(ExtensibilityGlobals) = postSolution
		SolutionGuid = {C7680993-D08E-42C5-B623-92639B79CF4D}
	EndGlobalSection
EndGlobal
